
Microsoft Visual Studio Solution File, Format Version 12.00
# Visual Studio Version 16
VisualStudioVersion = 16.0.30621.155
MinimumVisualStudioVersion = 10.0.40219.1
Project("{8BC9CEB8-8B4A-11D0-8D11-00A0C91BC942}") = "DoubleLinkedList", "DoubleLinkedList\DoubleLinkedList.vcxproj", "{3D844AD5-0AC3-4CDE-89FC-8CF5AE020200}"
EndProject
Global
	GlobalSection(SolutionConfigurationPlatforms) = preSolution
		Debug|x64 = Debug|x64
		Debug|x86 = Debug|x86
		Release|x64 = Release|x64
		Release|x86 = Release|x86
	EndGlobalSection
	GlobalSection(ProjectConfigurationPlatforms) = postSolution
		{3D844AD5-0AC3-4CDE-89FC-8CF5AE020200}.Debug|x64.ActiveCfg = Debug|x64
		{3D844AD5-0AC3-4CDE-89FC-8CF5AE020200}.Debug|x64.Build.0 = Debug|x64
		{3D844AD5-0AC3-4CDE-89FC-8CF5AE020200}.Debug|x86.ActiveCfg = Debug|Win32
		{3D844AD5-0AC3-4CDE-89FC-8CF5AE020200}.Debug|x86.Build.0 = Debug|Win32
		{3D844AD5-0AC3-4CDE-89FC-8CF5AE020200}.Release|x64.ActiveCfg = Release|x64
		{3D844AD5-0AC3-4CDE-89FC-8CF5AE020200}.Release|x64.Build.0 = Release|x64
		{3D844AD5-0AC3-4CDE-89FC-8CF5AE020200}.Release|x86.ActiveCfg = Release|Win32
		{3D844AD5-0AC3-4CDE-89FC-8CF5AE020200}.Release|x86.Build.0 = Release|Win32
	EndGlobalSection
	GlobalSection(SolutionProperties) = preSolution
		HideSolutionNode = FALSE
	EndGlobalSection
	GlobalSection(ExtensibilityGlobals) = postSolution
		SolutionGuid = {9BD9C047-BDD3-4188-B4C8-7002DF759023}
	EndGlobalSection
EndGlobal
