
Microsoft Visual Studio Solution File, Format Version 12.00
# Visual Studio 15
VisualStudioVersion = 15.0.27130.2020
MinimumVisualStudioVersion = 10.0.40219.1
Project("{FAE04EC0-301F-11D3-BF4B-00C04F79EFBC}") = "RedBlackTree", "RedBlackTree\RedBlackTree.csproj", "{736AC0FD-0C51-4EA9-910C-CF8D5D1C6B05}"
EndProject
Project("{FAE04EC0-301F-11D3-BF4B-00C04F79EFBC}") = "RedBlackTreeTests", "RedBlackTreeTests\RedBlackTreeTests.csproj", "{57377BE0-D567-45EB-8916-AC234AC0937F}"
EndProject
Project("{FAE04EC0-301F-11D3-BF4B-00C04F79EFBC}") = "RedBlackTreeVisualizer", "RedBlackTreeVisualizer\RedBlackTreeVisualizer.csproj", "{C3DF61F5-E040-460D-B7D3-D276F3D9FA2B}"
EndProject
Global
	GlobalSection(SolutionConfigurationPlatforms) = preSolution
		Debug|Any CPU = Debug|Any CPU
		Release|Any CPU = Release|Any CPU
	EndGlobalSection
	GlobalSection(ProjectConfigurationPlatforms) = postSolution
		{736AC0FD-0C51-4EA9-910C-CF8D5D1C6B05}.Debug|Any CPU.ActiveCfg = Debug|Any CPU
		{736AC0FD-0C51-4EA9-910C-CF8D5D1C6B05}.Debug|Any CPU.Build.0 = Debug|Any CPU
		{736AC0FD-0C51-4EA9-910C-CF8D5D1C6B05}.Release|Any CPU.ActiveCfg = Release|Any CPU
		{736AC0FD-0C51-4EA9-910C-CF8D5D1C6B05}.Release|Any CPU.Build.0 = Release|Any CPU
		{57377BE0-D567-45EB-8916-AC234AC0937F}.Debug|Any CPU.ActiveCfg = Debug|Any CPU
		{57377BE0-D567-45EB-8916-AC234AC0937F}.Debug|Any CPU.Build.0 = Debug|Any CPU
		{57377BE0-D567-45EB-8916-AC234AC0937F}.Release|Any CPU.ActiveCfg = Release|Any CPU
		{57377BE0-D567-45EB-8916-AC234AC0937F}.Release|Any CPU.Build.0 = Release|Any CPU
		{C3DF61F5-E040-460D-B7D3-D276F3D9FA2B}.Debug|Any CPU.ActiveCfg = Debug|Any CPU
		{C3DF61F5-E040-460D-B7D3-D276F3D9FA2B}.Debug|Any CPU.Build.0 = Debug|Any CPU
		{C3DF61F5-E040-460D-B7D3-D276F3D9FA2B}.Release|Any CPU.ActiveCfg = Release|Any CPU
		{C3DF61F5-E040-460D-B7D3-D276F3D9FA2B}.Release|Any CPU.Build.0 = Release|Any CPU
	EndGlobalSection
	GlobalSection(SolutionProperties) = preSolution
		HideSolutionNode = FALSE
	EndGlobalSection
	GlobalSection(ExtensibilityGlobals) = postSolution
		SolutionGuid = {5EED0D7B-B50E-4B7E-AED9-1522C8C9490F}
	EndGlobalSection
EndGlobal
