
Microsoft Visual Studio Solution File, Format Version 12.00
# Visual Studio Version 16
VisualStudioVersion = 16.0.28922.388
MinimumVisualStudioVersion = 10.0.40219.1
Project("{FAE04EC0-301F-11D3-BF4B-00C04F79EFBC}") = "Trees", "Trees\Trees.csproj", "{CE8146D4-A9BD-472D-9BCF-A19EB26E4BDD}"
EndProject
Global
	GlobalSection(SolutionConfigurationPlatforms) = preSolution
		Debug|Any CPU = Debug|Any CPU
		Release|Any CPU = Release|Any CPU
	EndGlobalSection
	GlobalSection(ProjectConfigurationPlatforms) = postSolution
		{CE8146D4-A9BD-472D-9BCF-A19EB26E4BDD}.Debug|Any CPU.ActiveCfg = Debug|Any CPU
		{CE8146D4-A9BD-472D-9BCF-A19EB26E4BDD}.Debug|Any CPU.Build.0 = Debug|Any CPU
		{CE8146D4-A9BD-472D-9BCF-A19EB26E4BDD}.Release|Any CPU.ActiveCfg = Release|Any CPU
		{CE8146D4-A9BD-472D-9BCF-A19EB26E4BDD}.Release|Any CPU.Build.0 = Release|Any CPU
	EndGlobalSection
	GlobalSection(SolutionProperties) = preSolution
		HideSolutionNode = FALSE
	EndGlobalSection
	GlobalSection(ExtensibilityGlobals) = postSolution
		SolutionGuid = {59062D82-127B-4FF2-9930-FD06981FBF75}
	EndGlobalSection
EndGlobal
